
Microsoft Visual Studio Solution File, Format Version 12.00
# Visual Studio Version 17
VisualStudioVersion = 17.9.34701.34
MinimumVisualStudioVersion = 10.0.40219.1
Project("{FAE04EC0-301F-11D3-BF4B-00C04F79EFBC}") = "CLDV-POE-PART-TWO", "CLDV-POE-PART-TWO\CLDV-POE-PART-TWO.csproj", "{FE38EC12-DA2C-4BAF-BB92-BD476322A2C9}"
EndProject
Global
	GlobalSection(SolutionConfigurationPlatforms) = preSolution
		Debug|Any CPU = Debug|Any CPU
		Release|Any CPU = Release|Any CPU
	EndGlobalSection
	GlobalSection(ProjectConfigurationPlatforms) = postSolution
		{FE38EC12-DA2C-4BAF-BB92-BD476322A2C9}.Debug|Any CPU.ActiveCfg = Debug|Any CPU
		{FE38EC12-DA2C-4BAF-BB92-BD476322A2C9}.Debug|Any CPU.Build.0 = Debug|Any CPU
		{FE38EC12-DA2C-4BAF-BB92-BD476322A2C9}.Release|Any CPU.ActiveCfg = Release|Any CPU
		{FE38EC12-DA2C-4BAF-BB92-BD476322A2C9}.Release|Any CPU.Build.0 = Release|Any CPU
	EndGlobalSection
	GlobalSection(SolutionProperties) = preSolution
		HideSolutionNode = FALSE
	EndGlobalSection
	GlobalSection(ExtensibilityGlobals) = postSolution
		SolutionGuid = {70680829-5110-4483-AAB7-57A17CF0AFDC}
	EndGlobalSection
EndGlobal
